
Microsoft Visual Studio Solution File, Format Version 12.00
# Visual Studio 15
VisualStudioVersion = 15.0.28307.136
MinimumVisualStudioVersion = 10.0.40219.1
Project("{9A19103F-16F7-4668-BE54-9A1E7A4F7556}") = "HelloWorld", "HelloWorld\HelloWorld.csproj", "{8D933659-4687-4ECA-BA7A-2E3F75998C62}"
EndProject
Project("{FAE04EC0-301F-11D3-BF4B-00C04F79EFBC}") = "HelloWorldTests", "HelloWorldTests\HelloWorldTests.csproj", "{B4612A04-CE39-425C-AAC6-CBDFC9C55D7C}"
EndProject
Global
	GlobalSection(SolutionConfigurationPlatforms) = preSolution
		Debug|Any CPU = Debug|Any CPU
		Debug|x86 = Debug|x86
		Release|Any CPU = Release|Any CPU
		Release|x86 = Release|x86
	EndGlobalSection
	GlobalSection(ProjectConfigurationPlatforms) = postSolution
		{8D933659-4687-4ECA-BA7A-2E3F75998C62}.Debug|Any CPU.ActiveCfg = Debug|Any CPU
		{8D933659-4687-4ECA-BA7A-2E3F75998C62}.Debug|Any CPU.Build.0 = Debug|Any CPU
		{8D933659-4687-4ECA-BA7A-2E3F75998C62}.Debug|x86.ActiveCfg = Debug|x86
		{8D933659-4687-4ECA-BA7A-2E3F75998C62}.Debug|x86.Build.0 = Debug|x86
		{8D933659-4687-4ECA-BA7A-2E3F75998C62}.Release|Any CPU.ActiveCfg = Release|Any CPU
		{8D933659-4687-4ECA-BA7A-2E3F75998C62}.Release|Any CPU.Build.0 = Release|Any CPU
		{8D933659-4687-4ECA-BA7A-2E3F75998C62}.Release|x86.ActiveCfg = Release|x86
		{8D933659-4687-4ECA-BA7A-2E3F75998C62}.Release|x86.Build.0 = Release|x86
		{B4612A04-CE39-425C-AAC6-CBDFC9C55D7C}.Debug|Any CPU.ActiveCfg = Debug|Any CPU
		{B4612A04-CE39-425C-AAC6-CBDFC9C55D7C}.Debug|Any CPU.Build.0 = Debug|Any CPU
		{B4612A04-CE39-425C-AAC6-CBDFC9C55D7C}.Debug|x86.ActiveCfg = Debug|Any CPU
		{B4612A04-CE39-425C-AAC6-CBDFC9C55D7C}.Debug|x86.Build.0 = Debug|Any CPU
		{B4612A04-CE39-425C-AAC6-CBDFC9C55D7C}.Release|Any CPU.ActiveCfg = Release|Any CPU
		{B4612A04-CE39-425C-AAC6-CBDFC9C55D7C}.Release|Any CPU.Build.0 = Release|Any CPU
		{B4612A04-CE39-425C-AAC6-CBDFC9C55D7C}.Release|x86.ActiveCfg = Release|Any CPU
		{B4612A04-CE39-425C-AAC6-CBDFC9C55D7C}.Release|x86.Build.0 = Release|Any CPU
	EndGlobalSection
	GlobalSection(SolutionProperties) = preSolution
		HideSolutionNode = FALSE
	EndGlobalSection
	GlobalSection(ExtensibilityGlobals) = postSolution
		SolutionGuid = {4FEEFD26-17CA-4661-B29E-11138D819388}
	EndGlobalSection
EndGlobal
