
Microsoft Visual Studio Solution File, Format Version 12.00
# Visual Studio 15
VisualStudioVersion = 15.0.28307.136
MinimumVisualStudioVersion = 10.0.40219.1
Project("{FAE04EC0-301F-11D3-BF4B-00C04F79EFBC}") = "HelloWorld", "HelloWorld\HelloWorld.csproj", "{88EDECC8-FCE5-4524-8E01-EA366A9194E4}"
EndProject
Project("{FAE04EC0-301F-11D3-BF4B-00C04F79EFBC}") = "HelloWorldTests", "HelloWorldTests\HelloWorldTests.csproj", "{38DE6E35-1105-4745-B3E1-B0D12E47FBC9}"
EndProject
Global
	GlobalSection(SolutionConfigurationPlatforms) = preSolution
		Debug|Any CPU = Debug|Any CPU
		Debug|x64 = Debug|x64
		Debug|x86 = Debug|x86
		Release|Any CPU = Release|Any CPU
		Release|x64 = Release|x64
		Release|x86 = Release|x86
	EndGlobalSection
	GlobalSection(ProjectConfigurationPlatforms) = postSolution
		{88EDECC8-FCE5-4524-8E01-EA366A9194E4}.Debug|Any CPU.ActiveCfg = Debug|Any CPU
		{88EDECC8-FCE5-4524-8E01-EA366A9194E4}.Debug|Any CPU.Build.0 = Debug|Any CPU
		{88EDECC8-FCE5-4524-8E01-EA366A9194E4}.Debug|x64.ActiveCfg = Debug|x64
		{88EDECC8-FCE5-4524-8E01-EA366A9194E4}.Debug|x64.Build.0 = Debug|x64
		{88EDECC8-FCE5-4524-8E01-EA366A9194E4}.Debug|x86.ActiveCfg = Debug|x86
		{88EDECC8-FCE5-4524-8E01-EA366A9194E4}.Debug|x86.Build.0 = Debug|x86
		{88EDECC8-FCE5-4524-8E01-EA366A9194E4}.Release|Any CPU.ActiveCfg = Release|Any CPU
		{88EDECC8-FCE5-4524-8E01-EA366A9194E4}.Release|Any CPU.Build.0 = Release|Any CPU
		{88EDECC8-FCE5-4524-8E01-EA366A9194E4}.Release|x64.ActiveCfg = Release|x64
		{88EDECC8-FCE5-4524-8E01-EA366A9194E4}.Release|x64.Build.0 = Release|x64
		{88EDECC8-FCE5-4524-8E01-EA366A9194E4}.Release|x86.ActiveCfg = Release|x86
		{88EDECC8-FCE5-4524-8E01-EA366A9194E4}.Release|x86.Build.0 = Release|x86
		{38DE6E35-1105-4745-B3E1-B0D12E47FBC9}.Debug|Any CPU.ActiveCfg = Debug|Any CPU
		{38DE6E35-1105-4745-B3E1-B0D12E47FBC9}.Debug|Any CPU.Build.0 = Debug|Any CPU
		{38DE6E35-1105-4745-B3E1-B0D12E47FBC9}.Debug|x64.ActiveCfg = Debug|x64
		{38DE6E35-1105-4745-B3E1-B0D12E47FBC9}.Debug|x64.Build.0 = Debug|x64
		{38DE6E35-1105-4745-B3E1-B0D12E47FBC9}.Debug|x86.ActiveCfg = Debug|x86
		{38DE6E35-1105-4745-B3E1-B0D12E47FBC9}.Debug|x86.Build.0 = Debug|x86
		{38DE6E35-1105-4745-B3E1-B0D12E47FBC9}.Release|Any CPU.ActiveCfg = Release|Any CPU
		{38DE6E35-1105-4745-B3E1-B0D12E47FBC9}.Release|Any CPU.Build.0 = Release|Any CPU
		{38DE6E35-1105-4745-B3E1-B0D12E47FBC9}.Release|x64.ActiveCfg = Release|x64
		{38DE6E35-1105-4745-B3E1-B0D12E47FBC9}.Release|x64.Build.0 = Release|x64
		{38DE6E35-1105-4745-B3E1-B0D12E47FBC9}.Release|x86.ActiveCfg = Release|x86
		{38DE6E35-1105-4745-B3E1-B0D12E47FBC9}.Release|x86.Build.0 = Release|x86
	EndGlobalSection
	GlobalSection(SolutionProperties) = preSolution
		HideSolutionNode = FALSE
	EndGlobalSection
	GlobalSection(ExtensibilityGlobals) = postSolution
		SolutionGuid = {4FEEFD26-17CA-4661-B29E-11138D819388}
	EndGlobalSection
EndGlobal
